
Microsoft Visual Studio Solution File, Format Version 12.00
# Visual Studio Version 16
VisualStudioVersion = 16.0.28315.86
MinimumVisualStudioVersion = 10.0.40219.1
Project("{2150E333-8FDC-42A3-9474-1A3956D46DE8}") = "Engine", "Engine", "{BF97D7DD-3984-4614-AB10-E59843D3A383}"
EndProject
Project("{2150E333-8FDC-42A3-9474-1A3956D46DE8}") = "Games", "Games", "{E008FD67-B2D9-4FBF-986F-B483632C081D}"
EndProject
Project("{8BC9CEB8-8B4A-11D0-8D11-00A0C91BC942}") = "UE4", "Intermediate\ProjectFiles\UE4.vcxproj", "{0432A9D1-32AA-4E63-9E72-0214F3B73A6F}"
EndProject
Project("{8BC9CEB8-8B4A-11D0-8D11-00A0C91BC942}") = "BuildingEscape", "Intermediate\ProjectFiles\BuildingEscape.vcxproj", "{53AB81B4-87DA-40FC-AF18-F6F253C36CDA}"
EndProject
Project("{2150E333-8FDC-42A3-9474-1A3956D46DE8}") = "Visualizers", "Visualizers", "{4F36CE47-D665-48A2-A04C-C763BDDB0717}"
	ProjectSection(SolutionItems) = preProject
		..\..\..\..\..\..\UE_4.22\Engine\Extras\VisualStudioDebugging\UE4.natvis = ..\..\..\..\..\..\UE_4.22\Engine\Extras\VisualStudioDebugging\UE4.natvis
	EndProjectSection
EndProject
Global
	GlobalSection(SolutionConfigurationPlatforms) = preSolution
		DebugGame Editor|HTML5 = DebugGame Editor|HTML5
		DebugGame Editor|Win32 = DebugGame Editor|Win32
		DebugGame Editor|Win64 = DebugGame Editor|Win64
		DebugGame|HTML5 = DebugGame|HTML5
		DebugGame|Win32 = DebugGame|Win32
		DebugGame|Win64 = DebugGame|Win64
		Development Editor|HTML5 = Development Editor|HTML5
		Development Editor|Win32 = Development Editor|Win32
		Development Editor|Win64 = Development Editor|Win64
		Development|HTML5 = Development|HTML5
		Development|Win32 = Development|Win32
		Development|Win64 = Development|Win64
		Shipping|HTML5 = Shipping|HTML5
		Shipping|Win32 = Shipping|Win32
		Shipping|Win64 = Shipping|Win64
	EndGlobalSection
	GlobalSection(ProjectConfigurationPlatforms) = postSolution
		{0432A9D1-32AA-4E63-9E72-0214F3B73A6F}.DebugGame Editor|HTML5.ActiveCfg = BuiltWithUnrealBuildTool|Win32
		{0432A9D1-32AA-4E63-9E72-0214F3B73A6F}.DebugGame Editor|Win32.ActiveCfg = BuiltWithUnrealBuildTool|Win32
		{0432A9D1-32AA-4E63-9E72-0214F3B73A6F}.DebugGame Editor|Win64.ActiveCfg = BuiltWithUnrealBuildTool|Win32
		{0432A9D1-32AA-4E63-9E72-0214F3B73A6F}.DebugGame|HTML5.ActiveCfg = BuiltWithUnrealBuildTool|Win32
		{0432A9D1-32AA-4E63-9E72-0214F3B73A6F}.DebugGame|Win32.ActiveCfg = BuiltWithUnrealBuildTool|Win32
		{0432A9D1-32AA-4E63-9E72-0214F3B73A6F}.DebugGame|Win64.ActiveCfg = BuiltWithUnrealBuildTool|Win32
		{0432A9D1-32AA-4E63-9E72-0214F3B73A6F}.Development Editor|HTML5.ActiveCfg = BuiltWithUnrealBuildTool|Win32
		{0432A9D1-32AA-4E63-9E72-0214F3B73A6F}.Development Editor|Win32.ActiveCfg = BuiltWithUnrealBuildTool|Win32
		{0432A9D1-32AA-4E63-9E72-0214F3B73A6F}.Development Editor|Win64.ActiveCfg = BuiltWithUnrealBuildTool|Win32
		{0432A9D1-32AA-4E63-9E72-0214F3B73A6F}.Development|HTML5.ActiveCfg = BuiltWithUnrealBuildTool|Win32
		{0432A9D1-32AA-4E63-9E72-0214F3B73A6F}.Development|Win32.ActiveCfg = BuiltWithUnrealBuildTool|Win32
		{0432A9D1-32AA-4E63-9E72-0214F3B73A6F}.Development|Win64.ActiveCfg = BuiltWithUnrealBuildTool|Win32
		{0432A9D1-32AA-4E63-9E72-0214F3B73A6F}.Shipping|HTML5.ActiveCfg = BuiltWithUnrealBuildTool|Win32
		{0432A9D1-32AA-4E63-9E72-0214F3B73A6F}.Shipping|Win32.ActiveCfg = BuiltWithUnrealBuildTool|Win32
		{0432A9D1-32AA-4E63-9E72-0214F3B73A6F}.Shipping|Win64.ActiveCfg = BuiltWithUnrealBuildTool|Win32
		{53AB81B4-87DA-40FC-AF18-F6F253C36CDA}.DebugGame Editor|HTML5.ActiveCfg = Invalid|Win32
		{53AB81B4-87DA-40FC-AF18-F6F253C36CDA}.DebugGame Editor|Win32.ActiveCfg = Invalid|Win32
		{53AB81B4-87DA-40FC-AF18-F6F253C36CDA}.DebugGame Editor|Win64.ActiveCfg = DebugGame_Editor|x64
		{53AB81B4-87DA-40FC-AF18-F6F253C36CDA}.DebugGame Editor|Win64.Build.0 = DebugGame_Editor|x64
		{53AB81B4-87DA-40FC-AF18-F6F253C36CDA}.DebugGame|HTML5.ActiveCfg = HTML5_DebugGame|Win32
		{53AB81B4-87DA-40FC-AF18-F6F253C36CDA}.DebugGame|HTML5.Build.0 = HTML5_DebugGame|Win32
		{53AB81B4-87DA-40FC-AF18-F6F253C36CDA}.DebugGame|Win32.ActiveCfg = DebugGame|Win32
		{53AB81B4-87DA-40FC-AF18-F6F253C36CDA}.DebugGame|Win32.Build.0 = DebugGame|Win32
		{53AB81B4-87DA-40FC-AF18-F6F253C36CDA}.DebugGame|Win64.ActiveCfg = DebugGame|x64
		{53AB81B4-87DA-40FC-AF18-F6F253C36CDA}.DebugGame|Win64.Build.0 = DebugGame|x64
		{53AB81B4-87DA-40FC-AF18-F6F253C36CDA}.Development Editor|HTML5.ActiveCfg = Invalid|Win32
		{53AB81B4-87DA-40FC-AF18-F6F253C36CDA}.Development Editor|Win32.ActiveCfg = Invalid|Win32
		{53AB81B4-87DA-40FC-AF18-F6F253C36CDA}.Development Editor|Win64.ActiveCfg = Development_Editor|x64
		{53AB81B4-87DA-40FC-AF18-F6F253C36CDA}.Development Editor|Win64.Build.0 = Development_Editor|x64
		{53AB81B4-87DA-40FC-AF18-F6F253C36CDA}.Development|HTML5.ActiveCfg = HTML5_Development|Win32
		{53AB81B4-87DA-40FC-AF18-F6F253C36CDA}.Development|HTML5.Build.0 = HTML5_Development|Win32
		{53AB81B4-87DA-40FC-AF18-F6F253C36CDA}.Development|Win32.ActiveCfg = Development|Win32
		{53AB81B4-87DA-40FC-AF18-F6F253C36CDA}.Development|Win32.Build.0 = Development|Win32
		{53AB81B4-87DA-40FC-AF18-F6F253C36CDA}.Development|Win64.ActiveCfg = Development|x64
		{53AB81B4-87DA-40FC-AF18-F6F253C36CDA}.Development|Win64.Build.0 = Development|x64
		{53AB81B4-87DA-40FC-AF18-F6F253C36CDA}.Shipping|HTML5.ActiveCfg = HTML5_Shipping|Win32
		{53AB81B4-87DA-40FC-AF18-F6F253C36CDA}.Shipping|HTML5.Build.0 = HTML5_Shipping|Win32
		{53AB81B4-87DA-40FC-AF18-F6F253C36CDA}.Shipping|Win32.ActiveCfg = Shipping|Win32
		{53AB81B4-87DA-40FC-AF18-F6F253C36CDA}.Shipping|Win32.Build.0 = Shipping|Win32
		{53AB81B4-87DA-40FC-AF18-F6F253C36CDA}.Shipping|Win64.ActiveCfg = Shipping|x64
		{53AB81B4-87DA-40FC-AF18-F6F253C36CDA}.Shipping|Win64.Build.0 = Shipping|x64
	EndGlobalSection
	GlobalSection(SolutionProperties) = preSolution
		HideSolutionNode = FALSE
	EndGlobalSection
	GlobalSection(NestedProjects) = preSolution
		{0432A9D1-32AA-4E63-9E72-0214F3B73A6F} = {BF97D7DD-3984-4614-AB10-E59843D3A383}
		{53AB81B4-87DA-40FC-AF18-F6F253C36CDA} = {E008FD67-B2D9-4FBF-986F-B483632C081D}
	EndGlobalSection
EndGlobal
